
Microsoft Visual Studio Solution File, Format Version 12.00
# Visual Studio Version 17
VisualStudioVersion = 17.8.34309.116
MinimumVisualStudioVersion = 10.0.40219.1
Project("{FAE04EC0-301F-11D3-BF4B-00C04F79EFBC}") = "Vocabulary", "Vocabulary\Vocabulary.csproj", "{FF51ACD7-3098-4C73-B290-653E94407430}"
EndProject
Global
	GlobalSection(SolutionConfigurationPlatforms) = preSolution
		Debug|Any CPU = Debug|Any CPU
		Debug|x64 = Debug|x64
		Release|Any CPU = Release|Any CPU
		Release|x64 = Release|x64
		VocabApp|Any CPU = VocabApp|Any CPU
		VocabApp|x64 = VocabApp|x64
	EndGlobalSection
	GlobalSection(ProjectConfigurationPlatforms) = postSolution
		{FF51ACD7-3098-4C73-B290-653E94407430}.Debug|Any CPU.ActiveCfg = Debug|Any CPU
		{FF51ACD7-3098-4C73-B290-653E94407430}.Debug|Any CPU.Build.0 = Debug|Any CPU
		{FF51ACD7-3098-4C73-B290-653E94407430}.Debug|x64.ActiveCfg = Debug|x64
		{FF51ACD7-3098-4C73-B290-653E94407430}.Debug|x64.Build.0 = Debug|x64
		{FF51ACD7-3098-4C73-B290-653E94407430}.Release|Any CPU.ActiveCfg = Release|Any CPU
		{FF51ACD7-3098-4C73-B290-653E94407430}.Release|Any CPU.Build.0 = Release|Any CPU
		{FF51ACD7-3098-4C73-B290-653E94407430}.Release|x64.ActiveCfg = Release|x64
		{FF51ACD7-3098-4C73-B290-653E94407430}.Release|x64.Build.0 = Release|x64
		{FF51ACD7-3098-4C73-B290-653E94407430}.VocabApp|Any CPU.ActiveCfg = VocabApp|Any CPU
		{FF51ACD7-3098-4C73-B290-653E94407430}.VocabApp|Any CPU.Build.0 = VocabApp|Any CPU
		{FF51ACD7-3098-4C73-B290-653E94407430}.VocabApp|x64.ActiveCfg = VocabApp|x64
		{FF51ACD7-3098-4C73-B290-653E94407430}.VocabApp|x64.Build.0 = VocabApp|x64
	EndGlobalSection
	GlobalSection(SolutionProperties) = preSolution
		HideSolutionNode = FALSE
	EndGlobalSection
	GlobalSection(ExtensibilityGlobals) = postSolution
		SolutionGuid = {E4A41251-AC05-489F-9005-434A75A3ED52}
	EndGlobalSection
EndGlobal
